
Microsoft Visual Studio Solution File, Format Version 12.00
# Visual Studio Version 17
VisualStudioVersion = 17.2.32519.379
MinimumVisualStudioVersion = 10.0.40219.1
Project("{FAE04EC0-301F-11D3-BF4B-00C04F79EFBC}") = "Capitulo7.Exemplo.Busca", "Capitulo7.Exemplo.Busca.csproj", "{F10C0A4C-F566-4083-9566-438779BCE328}"
EndProject
Global
	GlobalSection(SolutionConfigurationPlatforms) = preSolution
		Debug|Any CPU = Debug|Any CPU
		Release|Any CPU = Release|Any CPU
	EndGlobalSection
	GlobalSection(ProjectConfigurationPlatforms) = postSolution
		{F10C0A4C-F566-4083-9566-438779BCE328}.Debug|Any CPU.ActiveCfg = Debug|Any CPU
		{F10C0A4C-F566-4083-9566-438779BCE328}.Debug|Any CPU.Build.0 = Debug|Any CPU
		{F10C0A4C-F566-4083-9566-438779BCE328}.Release|Any CPU.ActiveCfg = Release|Any CPU
		{F10C0A4C-F566-4083-9566-438779BCE328}.Release|Any CPU.Build.0 = Release|Any CPU
	EndGlobalSection
	GlobalSection(SolutionProperties) = preSolution
		HideSolutionNode = FALSE
	EndGlobalSection
	GlobalSection(ExtensibilityGlobals) = postSolution
		SolutionGuid = {C0FDC16A-2D48-47B7-8DB5-B0148016B31E}
	EndGlobalSection
EndGlobal
