
Microsoft Visual Studio Solution File, Format Version 12.00
# Visual Studio Version 17
VisualStudioVersion = 17.2.32505.173
MinimumVisualStudioVersion = 10.0.40219.1
Project("{FAE04EC0-301F-11D3-BF4B-00C04F79EFBC}") = "Capitulo6.Exemplos.Nullable", "Capitulo6.Exemplos.Nullable.csproj", "{4F53F146-95D2-432F-9442-8457B694F4A0}"
EndProject
Global
	GlobalSection(SolutionConfigurationPlatforms) = preSolution
		Debug|Any CPU = Debug|Any CPU
		Release|Any CPU = Release|Any CPU
	EndGlobalSection
	GlobalSection(ProjectConfigurationPlatforms) = postSolution
		{4F53F146-95D2-432F-9442-8457B694F4A0}.Debug|Any CPU.ActiveCfg = Debug|Any CPU
		{4F53F146-95D2-432F-9442-8457B694F4A0}.Debug|Any CPU.Build.0 = Debug|Any CPU
		{4F53F146-95D2-432F-9442-8457B694F4A0}.Release|Any CPU.ActiveCfg = Release|Any CPU
		{4F53F146-95D2-432F-9442-8457B694F4A0}.Release|Any CPU.Build.0 = Release|Any CPU
	EndGlobalSection
	GlobalSection(SolutionProperties) = preSolution
		HideSolutionNode = FALSE
	EndGlobalSection
	GlobalSection(ExtensibilityGlobals) = postSolution
		SolutionGuid = {F5EFC2BC-4AA7-4B24-93C2-91E10E848BC5}
	EndGlobalSection
EndGlobal
