
Microsoft Visual Studio Solution File, Format Version 12.00
# Visual Studio Version 17
VisualStudioVersion = 17.2.32505.173
MinimumVisualStudioVersion = 10.0.40219.1
Project("{FAE04EC0-301F-11D3-BF4B-00C04F79EFBC}") = "Capitulo4.ExercicioDeFixacao.Static", "Capitulo4.ExercicioDeFixacao.Static.csproj", "{EE21D012-74D4-4059-9884-48FE6CA10998}"
EndProject
Global
	GlobalSection(SolutionConfigurationPlatforms) = preSolution
		Debug|Any CPU = Debug|Any CPU
		Release|Any CPU = Release|Any CPU
	EndGlobalSection
	GlobalSection(ProjectConfigurationPlatforms) = postSolution
		{EE21D012-74D4-4059-9884-48FE6CA10998}.Debug|Any CPU.ActiveCfg = Debug|Any CPU
		{EE21D012-74D4-4059-9884-48FE6CA10998}.Debug|Any CPU.Build.0 = Debug|Any CPU
		{EE21D012-74D4-4059-9884-48FE6CA10998}.Release|Any CPU.ActiveCfg = Release|Any CPU
		{EE21D012-74D4-4059-9884-48FE6CA10998}.Release|Any CPU.Build.0 = Release|Any CPU
	EndGlobalSection
	GlobalSection(SolutionProperties) = preSolution
		HideSolutionNode = FALSE
	EndGlobalSection
	GlobalSection(ExtensibilityGlobals) = postSolution
		SolutionGuid = {C87C9AA5-42CB-4BF7-8E2F-0FDC9A0AB1D5}
	EndGlobalSection
EndGlobal
