
Microsoft Visual Studio Solution File, Format Version 12.00
# Visual Studio Version 17
VisualStudioVersion = 17.2.32519.379
MinimumVisualStudioVersion = 10.0.40219.1
Project("{FAE04EC0-301F-11D3-BF4B-00C04F79EFBC}") = "Capitulo7.Exemplo.Var", "Capitulo7.Exemplo.Var.csproj", "{9A7ABE6D-F2B3-4F2F-9165-79F1319EBB77}"
EndProject
Global
	GlobalSection(SolutionConfigurationPlatforms) = preSolution
		Debug|Any CPU = Debug|Any CPU
		Release|Any CPU = Release|Any CPU
	EndGlobalSection
	GlobalSection(ProjectConfigurationPlatforms) = postSolution
		{9A7ABE6D-F2B3-4F2F-9165-79F1319EBB77}.Debug|Any CPU.ActiveCfg = Debug|Any CPU
		{9A7ABE6D-F2B3-4F2F-9165-79F1319EBB77}.Debug|Any CPU.Build.0 = Debug|Any CPU
		{9A7ABE6D-F2B3-4F2F-9165-79F1319EBB77}.Release|Any CPU.ActiveCfg = Release|Any CPU
		{9A7ABE6D-F2B3-4F2F-9165-79F1319EBB77}.Release|Any CPU.Build.0 = Release|Any CPU
	EndGlobalSection
	GlobalSection(SolutionProperties) = preSolution
		HideSolutionNode = FALSE
	EndGlobalSection
	GlobalSection(ExtensibilityGlobals) = postSolution
		SolutionGuid = {B83CE272-6ECC-4825-B212-5BE55967E40E}
	EndGlobalSection
EndGlobal
