
Microsoft Visual Studio Solution File, Format Version 12.00
# Visual Studio Version 17
VisualStudioVersion = 17.2.32505.173
MinimumVisualStudioVersion = 10.0.40219.1
Project("{FAE04EC0-301F-11D3-BF4B-00C04F79EFBC}") = "Capitulo4.ExercicioDeFixacao1", "Capitulo4.ExercicioDeFixacao1.csproj", "{A5856325-8761-431D-8FE8-B24CB6486224}"
EndProject
Global
	GlobalSection(SolutionConfigurationPlatforms) = preSolution
		Debug|Any CPU = Debug|Any CPU
		Release|Any CPU = Release|Any CPU
	EndGlobalSection
	GlobalSection(ProjectConfigurationPlatforms) = postSolution
		{A5856325-8761-431D-8FE8-B24CB6486224}.Debug|Any CPU.ActiveCfg = Debug|Any CPU
		{A5856325-8761-431D-8FE8-B24CB6486224}.Debug|Any CPU.Build.0 = Debug|Any CPU
		{A5856325-8761-431D-8FE8-B24CB6486224}.Release|Any CPU.ActiveCfg = Release|Any CPU
		{A5856325-8761-431D-8FE8-B24CB6486224}.Release|Any CPU.Build.0 = Release|Any CPU
	EndGlobalSection
	GlobalSection(SolutionProperties) = preSolution
		HideSolutionNode = FALSE
	EndGlobalSection
	GlobalSection(ExtensibilityGlobals) = postSolution
		SolutionGuid = {E00B83EC-24F3-4ABD-B07E-EE75AA025285}
	EndGlobalSection
EndGlobal
