
Microsoft Visual Studio Solution File, Format Version 12.00
# Visual Studio Version 17
VisualStudioVersion = 17.2.32505.173
MinimumVisualStudioVersion = 10.0.40219.1
Project("{FAE04EC0-301F-11D3-BF4B-00C04F79EFBC}") = "Capitulo4.ExemploResolvido", "Capitulo4.ExemploResolvido.csproj", "{61C7AFAD-1CAB-497C-99E7-1B9BA70E3F19}"
EndProject
Global
	GlobalSection(SolutionConfigurationPlatforms) = preSolution
		Debug|Any CPU = Debug|Any CPU
		Release|Any CPU = Release|Any CPU
	EndGlobalSection
	GlobalSection(ProjectConfigurationPlatforms) = postSolution
		{61C7AFAD-1CAB-497C-99E7-1B9BA70E3F19}.Debug|Any CPU.ActiveCfg = Debug|Any CPU
		{61C7AFAD-1CAB-497C-99E7-1B9BA70E3F19}.Debug|Any CPU.Build.0 = Debug|Any CPU
		{61C7AFAD-1CAB-497C-99E7-1B9BA70E3F19}.Release|Any CPU.ActiveCfg = Release|Any CPU
		{61C7AFAD-1CAB-497C-99E7-1B9BA70E3F19}.Release|Any CPU.Build.0 = Release|Any CPU
	EndGlobalSection
	GlobalSection(SolutionProperties) = preSolution
		HideSolutionNode = FALSE
	EndGlobalSection
	GlobalSection(ExtensibilityGlobals) = postSolution
		SolutionGuid = {24FB28D5-F433-4585-BEA4-6BB44C8D64EE}
	EndGlobalSection
EndGlobal
