
Microsoft Visual Studio Solution File, Format Version 12.00
# Visual Studio Version 17
VisualStudioVersion = 17.2.32505.173
MinimumVisualStudioVersion = 10.0.40219.1
Project("{FAE04EC0-301F-11D3-BF4B-00C04F79EFBC}") = "ExercicioDeFixaçao", "ExercicioDeFixaçao.csproj", "{549B3697-22E8-4115-85FA-E973EDC67914}"
EndProject
Global
	GlobalSection(SolutionConfigurationPlatforms) = preSolution
		Debug|Any CPU = Debug|Any CPU
		Release|Any CPU = Release|Any CPU
	EndGlobalSection
	GlobalSection(ProjectConfigurationPlatforms) = postSolution
		{549B3697-22E8-4115-85FA-E973EDC67914}.Debug|Any CPU.ActiveCfg = Debug|Any CPU
		{549B3697-22E8-4115-85FA-E973EDC67914}.Debug|Any CPU.Build.0 = Debug|Any CPU
		{549B3697-22E8-4115-85FA-E973EDC67914}.Release|Any CPU.ActiveCfg = Release|Any CPU
		{549B3697-22E8-4115-85FA-E973EDC67914}.Release|Any CPU.Build.0 = Release|Any CPU
	EndGlobalSection
	GlobalSection(SolutionProperties) = preSolution
		HideSolutionNode = FALSE
	EndGlobalSection
	GlobalSection(ExtensibilityGlobals) = postSolution
		SolutionGuid = {1A3D31D5-A83E-4FC1-A737-66383335D909}
	EndGlobalSection
EndGlobal
