
Microsoft Visual Studio Solution File, Format Version 12.00
# Visual Studio Version 17
VisualStudioVersion = 17.2.32519.379
MinimumVisualStudioVersion = 10.0.40219.1
Project("{FAE04EC0-301F-11D3-BF4B-00C04F79EFBC}") = "Capitulo6.Exemplo.Matriz", "Capitulo6.Exemplo.Matriz.csproj", "{CEA8212B-539B-4B46-A974-175B70752096}"
EndProject
Global
	GlobalSection(SolutionConfigurationPlatforms) = preSolution
		Debug|Any CPU = Debug|Any CPU
		Release|Any CPU = Release|Any CPU
	EndGlobalSection
	GlobalSection(ProjectConfigurationPlatforms) = postSolution
		{CEA8212B-539B-4B46-A974-175B70752096}.Debug|Any CPU.ActiveCfg = Debug|Any CPU
		{CEA8212B-539B-4B46-A974-175B70752096}.Debug|Any CPU.Build.0 = Debug|Any CPU
		{CEA8212B-539B-4B46-A974-175B70752096}.Release|Any CPU.ActiveCfg = Release|Any CPU
		{CEA8212B-539B-4B46-A974-175B70752096}.Release|Any CPU.Build.0 = Release|Any CPU
	EndGlobalSection
	GlobalSection(SolutionProperties) = preSolution
		HideSolutionNode = FALSE
	EndGlobalSection
	GlobalSection(ExtensibilityGlobals) = postSolution
		SolutionGuid = {2FF3B504-8EA4-4B1E-92A5-80EFE8285E31}
	EndGlobalSection
EndGlobal
