
Microsoft Visual Studio Solution File, Format Version 12.00
# Visual Studio Version 17
VisualStudioVersion = 17.2.32519.379
MinimumVisualStudioVersion = 10.0.40219.1
Project("{FAE04EC0-301F-11D3-BF4B-00C04F79EFBC}") = "Capitulo7.Exemplo.Strings", "Capitulo7.Exemplo.Strings.csproj", "{CC8BF592-98FE-485B-91AF-D174E2187C2F}"
EndProject
Global
	GlobalSection(SolutionConfigurationPlatforms) = preSolution
		Debug|Any CPU = Debug|Any CPU
		Release|Any CPU = Release|Any CPU
	EndGlobalSection
	GlobalSection(ProjectConfigurationPlatforms) = postSolution
		{CC8BF592-98FE-485B-91AF-D174E2187C2F}.Debug|Any CPU.ActiveCfg = Debug|Any CPU
		{CC8BF592-98FE-485B-91AF-D174E2187C2F}.Debug|Any CPU.Build.0 = Debug|Any CPU
		{CC8BF592-98FE-485B-91AF-D174E2187C2F}.Release|Any CPU.ActiveCfg = Release|Any CPU
		{CC8BF592-98FE-485B-91AF-D174E2187C2F}.Release|Any CPU.Build.0 = Release|Any CPU
	EndGlobalSection
	GlobalSection(SolutionProperties) = preSolution
		HideSolutionNode = FALSE
	EndGlobalSection
	GlobalSection(ExtensibilityGlobals) = postSolution
		SolutionGuid = {8A7C2B72-28AE-404E-99E5-27CAF77D7449}
	EndGlobalSection
EndGlobal
