
Microsoft Visual Studio Solution File, Format Version 12.00
# Visual Studio Version 17
VisualStudioVersion = 17.2.32505.173
MinimumVisualStudioVersion = 10.0.40219.1
Project("{FAE04EC0-301F-11D3-BF4B-00C04F79EFBC}") = "Capitulo6.Exemplo.Vetor1", "Capitulo6.Exemplo.Vetor1.csproj", "{94A7FCE0-784F-4CF7-86AD-BAA9237DD60E}"
EndProject
Global
	GlobalSection(SolutionConfigurationPlatforms) = preSolution
		Debug|Any CPU = Debug|Any CPU
		Release|Any CPU = Release|Any CPU
	EndGlobalSection
	GlobalSection(ProjectConfigurationPlatforms) = postSolution
		{94A7FCE0-784F-4CF7-86AD-BAA9237DD60E}.Debug|Any CPU.ActiveCfg = Debug|Any CPU
		{94A7FCE0-784F-4CF7-86AD-BAA9237DD60E}.Debug|Any CPU.Build.0 = Debug|Any CPU
		{94A7FCE0-784F-4CF7-86AD-BAA9237DD60E}.Release|Any CPU.ActiveCfg = Release|Any CPU
		{94A7FCE0-784F-4CF7-86AD-BAA9237DD60E}.Release|Any CPU.Build.0 = Release|Any CPU
	EndGlobalSection
	GlobalSection(SolutionProperties) = preSolution
		HideSolutionNode = FALSE
	EndGlobalSection
	GlobalSection(ExtensibilityGlobals) = postSolution
		SolutionGuid = {C4DD5998-2C8E-4723-BE77-0619AF72CD39}
	EndGlobalSection
EndGlobal
